<Solution>
  <Configurations>
    <Platform Name="x64" />
    <Platform Name="x86" />
  </Configurations>
  <Project Path="client/client.vcxproj" Id="429df21f-6515-4523-b7f7-101f25c76c50" />
  <Project Path="RemoteControl/RemoteControl.vcxproj" Id="a6671ac8-0041-4d18-a6aa-2cafe8249135" />
</Solution>
